
Microsoft Visual Studio Solution File, Format Version 12.00
# Visual Studio Version 16
VisualStudioVersion = 16.0.31911.196
MinimumVisualStudioVersion = 10.0.40219.1
Project("{FAE04EC0-301F-11D3-BF4B-00C04F79EFBC}") = "BookStore", "BookStore\BookStore.csproj", "{2AB452B5-7FA3-439C-8868-3351444F7BA3}"
EndProject
Project("{2150E333-8FDC-42A3-9474-1A3956D46DE8}") = "CrossCutting", "CrossCutting", "{31C8C207-5885-4C3A-B5C2-BD2B40E78367}"
EndProject
Project("{2150E333-8FDC-42A3-9474-1A3956D46DE8}") = "Modules", "Modules", "{CF0AF43D-F6D5-45C5-B7BB-303AC2B25122}"
EndProject
Project("{2150E333-8FDC-42A3-9474-1A3956D46DE8}") = "BookList", "BookList", "{867E4377-C44D-4BE3-801A-47F9464F7BE6}"
EndProject
Project("{2150E333-8FDC-42A3-9474-1A3956D46DE8}") = "BookSearch", "BookSearch", "{08243AB7-6CB8-4C25-82CD-B256DCF6967E}"
EndProject
Project("{2150E333-8FDC-42A3-9474-1A3956D46DE8}") = "BookCategory", "BookCategory", "{A6E3933B-2638-4F72-B80A-204185C0B12A}"
EndProject
Project("{2150E333-8FDC-42A3-9474-1A3956D46DE8}") = "BookDetail", "BookDetail", "{678C80F6-1A15-4E47-B2E0-DDF6DFD2A278}"
EndProject
Project("{FAE04EC0-301F-11D3-BF4B-00C04F79EFBC}") = "BookStore.Core", "CrossCutting\BookStore.core\BookStore.Core.csproj", "{8DC4F121-E937-4FC6-9CE4-34A27162ED20}"
EndProject
Project("{FAE04EC0-301F-11D3-BF4B-00C04F79EFBC}") = "BookStore.IModels", "CrossCutting\BookStore.IModels\BookStore.IModels.csproj", "{509A4197-DAE4-471B-BB75-B7780E4956D2}"
EndProject
Project("{FAE04EC0-301F-11D3-BF4B-00C04F79EFBC}") = "BookStore.DAL", "CrossCutting\BookStore.DBModels\BookStore.DAL.csproj", "{B5DFD775-2529-44E4-B89C-FBCA066A29EA}"
EndProject
Project("{FAE04EC0-301F-11D3-BF4B-00C04F79EFBC}") = "BookSearch.Module", "Modules\BookSearch\BookSearch.Module\BookSearch.Module.csproj", "{68D0E8D5-D86D-4837-A947-8A4665258867}"
EndProject
Project("{FAE04EC0-301F-11D3-BF4B-00C04F79EFBC}") = "BookStore.Services", "CrossCutting\BookStore.Services\BookStore.Services.csproj", "{C848AE22-73FA-4710-BB2D-AB4624374697}"
EndProject
Project("{FAE04EC0-301F-11D3-BF4B-00C04F79EFBC}") = "BookSearch.Services", "Modules\BookSearch\BookSearch.Services\BookSearch.Services.csproj", "{18B8EAE3-1B34-4DE6-84AF-388B1394EEB9}"
EndProject
Project("{FAE04EC0-301F-11D3-BF4B-00C04F79EFBC}") = "BookSearch.BL", "Modules\BookSearch\BookSearch.BL\BookSearch.BL.csproj", "{4828AEAA-7E1A-4102-BD4D-62FBB754AF0D}"
EndProject
Global
	GlobalSection(SolutionConfigurationPlatforms) = preSolution
		Debug|Any CPU = Debug|Any CPU
		Release|Any CPU = Release|Any CPU
	EndGlobalSection
	GlobalSection(ProjectConfigurationPlatforms) = postSolution
		{2AB452B5-7FA3-439C-8868-3351444F7BA3}.Debug|Any CPU.ActiveCfg = Debug|Any CPU
		{2AB452B5-7FA3-439C-8868-3351444F7BA3}.Debug|Any CPU.Build.0 = Debug|Any CPU
		{2AB452B5-7FA3-439C-8868-3351444F7BA3}.Release|Any CPU.ActiveCfg = Release|Any CPU
		{2AB452B5-7FA3-439C-8868-3351444F7BA3}.Release|Any CPU.Build.0 = Release|Any CPU
		{8DC4F121-E937-4FC6-9CE4-34A27162ED20}.Debug|Any CPU.ActiveCfg = Debug|Any CPU
		{8DC4F121-E937-4FC6-9CE4-34A27162ED20}.Debug|Any CPU.Build.0 = Debug|Any CPU
		{8DC4F121-E937-4FC6-9CE4-34A27162ED20}.Release|Any CPU.ActiveCfg = Release|Any CPU
		{8DC4F121-E937-4FC6-9CE4-34A27162ED20}.Release|Any CPU.Build.0 = Release|Any CPU
		{509A4197-DAE4-471B-BB75-B7780E4956D2}.Debug|Any CPU.ActiveCfg = Debug|Any CPU
		{509A4197-DAE4-471B-BB75-B7780E4956D2}.Debug|Any CPU.Build.0 = Debug|Any CPU
		{509A4197-DAE4-471B-BB75-B7780E4956D2}.Release|Any CPU.ActiveCfg = Release|Any CPU
		{509A4197-DAE4-471B-BB75-B7780E4956D2}.Release|Any CPU.Build.0 = Release|Any CPU
		{B5DFD775-2529-44E4-B89C-FBCA066A29EA}.Debug|Any CPU.ActiveCfg = Debug|Any CPU
		{B5DFD775-2529-44E4-B89C-FBCA066A29EA}.Debug|Any CPU.Build.0 = Debug|Any CPU
		{B5DFD775-2529-44E4-B89C-FBCA066A29EA}.Release|Any CPU.ActiveCfg = Release|Any CPU
		{B5DFD775-2529-44E4-B89C-FBCA066A29EA}.Release|Any CPU.Build.0 = Release|Any CPU
		{68D0E8D5-D86D-4837-A947-8A4665258867}.Debug|Any CPU.ActiveCfg = Debug|Any CPU
		{68D0E8D5-D86D-4837-A947-8A4665258867}.Debug|Any CPU.Build.0 = Debug|Any CPU
		{68D0E8D5-D86D-4837-A947-8A4665258867}.Release|Any CPU.ActiveCfg = Release|Any CPU
		{68D0E8D5-D86D-4837-A947-8A4665258867}.Release|Any CPU.Build.0 = Release|Any CPU
		{C848AE22-73FA-4710-BB2D-AB4624374697}.Debug|Any CPU.ActiveCfg = Debug|Any CPU
		{C848AE22-73FA-4710-BB2D-AB4624374697}.Debug|Any CPU.Build.0 = Debug|Any CPU
		{C848AE22-73FA-4710-BB2D-AB4624374697}.Release|Any CPU.ActiveCfg = Release|Any CPU
		{C848AE22-73FA-4710-BB2D-AB4624374697}.Release|Any CPU.Build.0 = Release|Any CPU
		{18B8EAE3-1B34-4DE6-84AF-388B1394EEB9}.Debug|Any CPU.ActiveCfg = Debug|Any CPU
		{18B8EAE3-1B34-4DE6-84AF-388B1394EEB9}.Debug|Any CPU.Build.0 = Debug|Any CPU
		{18B8EAE3-1B34-4DE6-84AF-388B1394EEB9}.Release|Any CPU.ActiveCfg = Release|Any CPU
		{18B8EAE3-1B34-4DE6-84AF-388B1394EEB9}.Release|Any CPU.Build.0 = Release|Any CPU
		{4828AEAA-7E1A-4102-BD4D-62FBB754AF0D}.Debug|Any CPU.ActiveCfg = Debug|Any CPU
		{4828AEAA-7E1A-4102-BD4D-62FBB754AF0D}.Debug|Any CPU.Build.0 = Debug|Any CPU
		{4828AEAA-7E1A-4102-BD4D-62FBB754AF0D}.Release|Any CPU.ActiveCfg = Release|Any CPU
		{4828AEAA-7E1A-4102-BD4D-62FBB754AF0D}.Release|Any CPU.Build.0 = Release|Any CPU
	EndGlobalSection
	GlobalSection(SolutionProperties) = preSolution
		HideSolutionNode = FALSE
	EndGlobalSection
	GlobalSection(NestedProjects) = preSolution
		{867E4377-C44D-4BE3-801A-47F9464F7BE6} = {CF0AF43D-F6D5-45C5-B7BB-303AC2B25122}
		{08243AB7-6CB8-4C25-82CD-B256DCF6967E} = {CF0AF43D-F6D5-45C5-B7BB-303AC2B25122}
		{A6E3933B-2638-4F72-B80A-204185C0B12A} = {CF0AF43D-F6D5-45C5-B7BB-303AC2B25122}
		{678C80F6-1A15-4E47-B2E0-DDF6DFD2A278} = {CF0AF43D-F6D5-45C5-B7BB-303AC2B25122}
		{8DC4F121-E937-4FC6-9CE4-34A27162ED20} = {31C8C207-5885-4C3A-B5C2-BD2B40E78367}
		{509A4197-DAE4-471B-BB75-B7780E4956D2} = {31C8C207-5885-4C3A-B5C2-BD2B40E78367}
		{B5DFD775-2529-44E4-B89C-FBCA066A29EA} = {31C8C207-5885-4C3A-B5C2-BD2B40E78367}
		{68D0E8D5-D86D-4837-A947-8A4665258867} = {08243AB7-6CB8-4C25-82CD-B256DCF6967E}
		{C848AE22-73FA-4710-BB2D-AB4624374697} = {31C8C207-5885-4C3A-B5C2-BD2B40E78367}
		{18B8EAE3-1B34-4DE6-84AF-388B1394EEB9} = {08243AB7-6CB8-4C25-82CD-B256DCF6967E}
		{4828AEAA-7E1A-4102-BD4D-62FBB754AF0D} = {08243AB7-6CB8-4C25-82CD-B256DCF6967E}
	EndGlobalSection
	GlobalSection(ExtensibilityGlobals) = postSolution
		SolutionGuid = {4604B4FF-6B7A-4859-8061-C53AFFF0B989}
	EndGlobalSection
EndGlobal
